
Microsoft Visual Studio Solution File, Format Version 12.00
# Visual Studio 15
VisualStudioVersion = 15.0.26430.12
MinimumVisualStudioVersion = 10.0.40219.1
Project("{2150E333-8FDC-42A3-9474-1A3956D46DE8}") = "SolutionFiles", "SolutionFiles", "{2C9F1CF3-4FF1-4601-80EB-996F7D771178}"
	ProjectSection(SolutionItems) = preProject
		..\.gitattributes = ..\.gitattributes
		..\.gitignore = ..\.gitignore
		..\LICENSE = ..\LICENSE
		..\README.md = ..\README.md
	EndProjectSection
EndProject
Project("{2150E333-8FDC-42A3-9474-1A3956D46DE8}") = "src", "src", "{9040CC77-712E-414D-8453-391F9F348218}"
EndProject
Project("{FAE04EC0-301F-11D3-BF4B-00C04F79EFBC}") = "XTMF2", "src\XTMF2\XTMF2.csproj", "{57F8ED33-2002-472E-8F77-37D2C27C0ED0}"
EndProject
Project("{FAE04EC0-301F-11D3-BF4B-00C04F79EFBC}") = "XTMF2.Interfaces", "src\XTMF2.Interfaces\XTMF2.Interfaces.csproj", "{5E0E170B-5A98-41C0-A9AB-4A0ED28C5CF1}"
EndProject
Project("{FAE04EC0-301F-11D3-BF4B-00C04F79EFBC}") = "XTMF2.Run", "src\XTMF2.Run\XTMF2.Run.csproj", "{A4FC5ADC-58CA-429A-9626-EF07907AFB28}"
EndProject
Global
	GlobalSection(SolutionConfigurationPlatforms) = preSolution
		Debug|Any CPU = Debug|Any CPU
		Release|Any CPU = Release|Any CPU
	EndGlobalSection
	GlobalSection(ProjectConfigurationPlatforms) = postSolution
		{57F8ED33-2002-472E-8F77-37D2C27C0ED0}.Debug|Any CPU.ActiveCfg = Debug|Any CPU
		{57F8ED33-2002-472E-8F77-37D2C27C0ED0}.Debug|Any CPU.Build.0 = Debug|Any CPU
		{57F8ED33-2002-472E-8F77-37D2C27C0ED0}.Release|Any CPU.ActiveCfg = Release|Any CPU
		{57F8ED33-2002-472E-8F77-37D2C27C0ED0}.Release|Any CPU.Build.0 = Release|Any CPU
		{5E0E170B-5A98-41C0-A9AB-4A0ED28C5CF1}.Debug|Any CPU.ActiveCfg = Debug|Any CPU
		{5E0E170B-5A98-41C0-A9AB-4A0ED28C5CF1}.Debug|Any CPU.Build.0 = Debug|Any CPU
		{5E0E170B-5A98-41C0-A9AB-4A0ED28C5CF1}.Release|Any CPU.ActiveCfg = Release|Any CPU
		{5E0E170B-5A98-41C0-A9AB-4A0ED28C5CF1}.Release|Any CPU.Build.0 = Release|Any CPU
		{A4FC5ADC-58CA-429A-9626-EF07907AFB28}.Debug|Any CPU.ActiveCfg = Debug|Any CPU
		{A4FC5ADC-58CA-429A-9626-EF07907AFB28}.Debug|Any CPU.Build.0 = Debug|Any CPU
		{A4FC5ADC-58CA-429A-9626-EF07907AFB28}.Release|Any CPU.ActiveCfg = Release|Any CPU
		{A4FC5ADC-58CA-429A-9626-EF07907AFB28}.Release|Any CPU.Build.0 = Release|Any CPU
	EndGlobalSection
	GlobalSection(SolutionProperties) = preSolution
		HideSolutionNode = FALSE
	EndGlobalSection
	GlobalSection(NestedProjects) = preSolution
		{57F8ED33-2002-472E-8F77-37D2C27C0ED0} = {9040CC77-712E-414D-8453-391F9F348218}
		{5E0E170B-5A98-41C0-A9AB-4A0ED28C5CF1} = {9040CC77-712E-414D-8453-391F9F348218}
		{A4FC5ADC-58CA-429A-9626-EF07907AFB28} = {9040CC77-712E-414D-8453-391F9F348218}
	EndGlobalSection
EndGlobal
